lockfileVersion: 5.4

specifiers:
  '@types/node': ^20.14.12
  smol-toml: ^1.3.0

dependencies:
  smol-toml: 1.3.0

devDependencies:
  '@types/node': 20.14.12

packages:

  /@types/node/20.14.12:
    resolution: {integrity: sha512-r7wNXakLeSsGT0H1AU863vS2wa5wBOK4bWMjZz2wj+8nBx+m5PeIn0k8AloSLpRuiwdRQZwarZqHE4FNArPuJQ==}
    dependencies:
      undici-types: 5.26.5
    dev: true

  /smol-toml/1.3.0:
    resolution: {integrity: sha512-tWpi2TsODPScmi48b/OQZGi2lgUmBCHy6SZrhi/FdnnHiU1GwebbCfuQuxsC3nHaLwtYeJGPrDZDIeodDOc4pA==}
    engines: {node: '>= 18'}
    dev: false

  /undici-types/5.26.5:
    resolution: {integrity: sha512-JlCMO+ehdEIKqlFxk6IfVoAUVmgz7cU7zD/h9XZ0qzeosSHmUJVOzSQvvYSYWXkFXC+IfLKSIffhv0sVZup6pA==}
    dev: true
